
Microsoft Visual Studio Solution File, Format Version 12.00
# Visual Studio Version 17
VisualStudioVersion = 17.5.002.0
MinimumVisualStudioVersion = 10.0.40219.1
Project("{9A19103F-16F7-4668-BE54-9A1E7A4F7556}") = "FluxConsole", "FluxConsole\FluxConsole.csproj", "{31533EB4-9D87-41F1-BB84-DF32FEFE04CE}"
EndProject
Global
	GlobalSection(SolutionConfigurationPlatforms) = preSolution
		Debug|Any CPU = Debug|Any CPU
		Release|Any CPU = Release|Any CPU
	EndGlobalSection
	GlobalSection(ProjectConfigurationPlatforms) = postSolution
		{31533EB4-9D87-41F1-BB84-DF32FEFE04CE}.Debug|Any CPU.ActiveCfg = Debug|Any CPU
		{31533EB4-9D87-41F1-BB84-DF32FEFE04CE}.Debug|Any CPU.Build.0 = Debug|Any CPU
		{31533EB4-9D87-41F1-BB84-DF32FEFE04CE}.Release|Any CPU.ActiveCfg = Release|Any CPU
		{31533EB4-9D87-41F1-BB84-DF32FEFE04CE}.Release|Any CPU.Build.0 = Release|Any CPU
	EndGlobalSection
	GlobalSection(SolutionProperties) = preSolution
		HideSolutionNode = FALSE
	EndGlobalSection
	GlobalSection(ExtensibilityGlobals) = postSolution
		SolutionGuid = {0C0404C1-B8CF-465C-80CB-099783CC7FAF}
	EndGlobalSection
EndGlobal
